{
  "name": "tufud-material-test-library",
  "version": "0.0.1",
  "lockfileVersion": 2,
  "requires": true,
  "packages": {
    "": {
      "name": "tufud-material-test-library",
      "version": "0.0.1",
      "dependencies": {
        "@angular/material": "^14.2.5",
        "tslib": "^2.3.0"
      },
      "peerDependencies": {
        "@angular/common": "^14.1.0",
        "@angular/core": "^14.1.0"
      }
    },
    "node_modules/@angular/animations": {
      "version": "14.2.6",
      "resolved": "https://registry.npmjs.org/@angular/animations/-/animations-14.2.6.tgz",
      "integrity": "sha512-Tmb3Jj016j8m8OOGSk/ReL0b+OuUCMj0KQansk3C4pCpH9oPF67Vnm0fmVC2wYjjsSS/iDgl4kaDW740wfPGNQ==",
      "peer": true,
      "dependencies": {
        "tslib": "^2.3.0"
      },
      "engines": {
        "node": "^14.15.0 || >=16.10.0"
      },
      "peerDependencies": {
        "@angular/core": "14.2.6"
      }
    },
    "node_modules/@angular/cdk": {
      "version": "14.2.5",
      "resolved": "https://registry.npmjs.org/@angular/cdk/-/cdk-14.2.5.tgz",
      "integrity": "sha512-kKneb9Z/2E+EXMsHuH8MWy8aygKhdFlKXYltEG7r4W/B6FJC012kJfe+Euj8X0O26akOVW9Q0X7nczCqHqU4tQ==",
      "peer": true,
      "dependencies": {
        "tslib": "^2.3.0"
      },
      "optionalDependencies": {
        "parse5": "^5.0.0"
      },
      "peerDependencies": {
        "@angular/common": "^14.0.0 || ^15.0.0",
        "@angular/core": "^14.0.0 || ^15.0.0",
        "rxjs": "^6.5.3 || ^7.4.0"
      }
    },
    "node_modules/@angular/common": {
      "version": "14.2.6",
      "resolved": "https://registry.npmjs.org/@angular/common/-/common-14.2.6.tgz",
      "integrity": "sha512-WNX7xe8LKP5DHPlae+c77PDwj0iIAAPIe1lWbhQysyi8uttbtL9VVP2XTFuQ3E6oVHJr+0IR0LMVGJ+a8i6zsw==",
      "peer": true,
      "dependencies": {
        "tslib": "^2.3.0"
      },
      "engines": {
        "node": "^14.15.0 || >=16.10.0"
      },
      "peerDependencies": {
        "@angular/core": "14.2.6",
        "rxjs": "^6.5.3 || ^7.4.0"
      }
    },
    "node_modules/@angular/core": {
      "version": "14.2.6",
      "resolved": "https://registry.npmjs.org/@angular/core/-/core-14.2.6.tgz",
      "integrity": "sha512-fEIz7E488X03tLIqmWQRpahxRRU2SMjb9i/rMUjMQJkbppJC3cykl31bCYzeixNO+zpE55GPGuQX2qI/yDenZA==",
      "peer": true,
      "dependencies": {
        "tslib": "^2.3.0"
      },
      "engines": {
        "node": "^14.15.0 || >=16.10.0"
      },
      "peerDependencies": {
        "rxjs": "^6.5.3 || ^7.4.0",
        "zone.js": "~0.11.4"
      }
    },
    "node_modules/@angular/forms": {
      "version": "14.2.6",
      "resolved": "https://registry.npmjs.org/@angular/forms/-/forms-14.2.6.tgz",
      "integrity": "sha512-t7Hd9RMnHbXRTdH/H8h8ZC3PsK1U4rH+XYaIbQNcys/XSf1uRFHx9MWqkwS5hoQEFOxkFSX5dRv2xSnHtxfq5w==",
      "peer": true,
      "dependencies": {
        "tslib": "^2.3.0"
      },
      "engines": {
        "node": "^14.15.0 || >=16.10.0"
      },
      "peerDependencies": {
        "@angular/common": "14.2.6",
        "@angular/core": "14.2.6",
        "@angular/platform-browser": "14.2.6",
        "rxjs": "^6.5.3 || ^7.4.0"
      }
    },
    "node_modules/@angular/material": {
      "version": "14.2.5",
      "resolved": "https://registry.npmjs.org/@angular/material/-/material-14.2.5.tgz",
      "integrity": "sha512-vC3F1r8WHclL1BbQVxOc9Ite1xH/pCOLnYYcx8HK1T2jlzeX7NxU1A58iBZC3rLj494tsMnRQDSZPXfazBiw0g==",
      "dependencies": {
        "tslib": "^2.3.0"
      },
      "peerDependencies": {
        "@angular/animations": "^14.0.0 || ^15.0.0",
        "@angular/cdk": "14.2.5",
        "@angular/common": "^14.0.0 || ^15.0.0",
        "@angular/core": "^14.0.0 || ^15.0.0",
        "@angular/forms": "^14.0.0 || ^15.0.0",
        "@angular/platform-browser": "^14.0.0 || ^15.0.0",
        "rxjs": "^6.5.3 || ^7.4.0"
      }
    },
    "node_modules/@angular/platform-browser": {
      "version": "14.2.6",
      "resolved": "https://registry.npmjs.org/@angular/platform-browser/-/platform-browser-14.2.6.tgz",
      "integrity": "sha512-KQUN4YVYEK5NOL7QFnDulQta6tm9rPh/mruX/XCLkSmoRMlFBmsHyjx+VJBnBNUbUxNsBj7kknifOu9PqDgAWg==",
      "peer": true,
      "dependencies": {
        "tslib": "^2.3.0"
      },
      "engines": {
        "node": "^14.15.0 || >=16.10.0"
      },
      "peerDependencies": {
        "@angular/animations": "14.2.6",
        "@angular/common": "14.2.6",
        "@angular/core": "14.2.6"
      },
      "peerDependenciesMeta": {
        "@angular/animations": {
          "optional": true
        }
      }
    },
    "node_modules/parse5": {
      "version": "5.1.1",
      "resolved": "https://registry.npmjs.org/parse5/-/parse5-5.1.1.tgz",
      "integrity": "sha512-ugq4DFI0Ptb+WWjAdOK16+u/nHfiIrcE+sh8kZMaM0WllQKLI9rOUq6c2b7cwPkXdzfQESqvoqK6ug7U/Yyzug==",
      "optional": true,
      "peer": true
    },
    "node_modules/rxjs": {
      "version": "7.5.7",
      "resolved": "https://registry.npmjs.org/rxjs/-/rxjs-7.5.7.tgz",
      "integrity": "sha512-z9MzKh/UcOqB3i20H6rtrlaE/CgjLOvheWK/9ILrbhROGTweAi1BaFsTT9FbwZi5Trr1qNRs+MXkhmR06awzQA==",
      "peer": true,
      "dependencies": {
        "tslib": "^2.1.0"
      }
    },
    "node_modules/tslib": {
      "version": "2.4.0",
      "resolved": "https://registry.npmjs.org/tslib/-/tslib-2.4.0.tgz",
      "integrity": "sha512-d6xOpEDfsi2CZVlPQzGeux8XMwLT9hssAsaPYExaQMuYskwb+x1x7J371tWlbBdWHroy99KnVB6qIkUbs5X3UQ=="
    },
    "node_modules/zone.js": {
      "version": "0.11.8",
      "resolved": "https://registry.npmjs.org/zone.js/-/zone.js-0.11.8.tgz",
      "integrity": "sha512-82bctBg2hKcEJ21humWIkXRlLBBmrc3nN7DFh5LGGhcyycO2S7FN8NmdvlcKaGFDNVL4/9kFLmwmInTavdJERA==",
      "peer": true,
      "dependencies": {
        "tslib": "^2.3.0"
      }
    }
  },
  "dependencies": {
    "@angular/animations": {
      "version": "14.2.6",
      "resolved": "https://registry.npmjs.org/@angular/animations/-/animations-14.2.6.tgz",
      "integrity": "sha512-Tmb3Jj016j8m8OOGSk/ReL0b+OuUCMj0KQansk3C4pCpH9oPF67Vnm0fmVC2wYjjsSS/iDgl4kaDW740wfPGNQ==",
      "peer": true,
      "requires": {
        "tslib": "^2.3.0"
      }
    },
    "@angular/cdk": {
      "version": "14.2.5",
      "resolved": "https://registry.npmjs.org/@angular/cdk/-/cdk-14.2.5.tgz",
      "integrity": "sha512-kKneb9Z/2E+EXMsHuH8MWy8aygKhdFlKXYltEG7r4W/B6FJC012kJfe+Euj8X0O26akOVW9Q0X7nczCqHqU4tQ==",
      "peer": true,
      "requires": {
        "parse5": "^5.0.0",
        "tslib": "^2.3.0"
      }
    },
    "@angular/common": {
      "version": "14.2.6",
      "resolved": "https://registry.npmjs.org/@angular/common/-/common-14.2.6.tgz",
      "integrity": "sha512-WNX7xe8LKP5DHPlae+c77PDwj0iIAAPIe1lWbhQysyi8uttbtL9VVP2XTFuQ3E6oVHJr+0IR0LMVGJ+a8i6zsw==",
      "peer": true,
      "requires": {
        "tslib": "^2.3.0"
      }
    },
    "@angular/core": {
      "version": "14.2.6",
      "resolved": "https://registry.npmjs.org/@angular/core/-/core-14.2.6.tgz",
      "integrity": "sha512-fEIz7E488X03tLIqmWQRpahxRRU2SMjb9i/rMUjMQJkbppJC3cykl31bCYzeixNO+zpE55GPGuQX2qI/yDenZA==",
      "peer": true,
      "requires": {
        "tslib": "^2.3.0"
      }
    },
    "@angular/forms": {
      "version": "14.2.6",
      "resolved": "https://registry.npmjs.org/@angular/forms/-/forms-14.2.6.tgz",
      "integrity": "sha512-t7Hd9RMnHbXRTdH/H8h8ZC3PsK1U4rH+XYaIbQNcys/XSf1uRFHx9MWqkwS5hoQEFOxkFSX5dRv2xSnHtxfq5w==",
      "peer": true,
      "requires": {
        "tslib": "^2.3.0"
      }
    },
    "@angular/material": {
      "version": "14.2.5",
      "resolved": "https://registry.npmjs.org/@angular/material/-/material-14.2.5.tgz",
      "integrity": "sha512-vC3F1r8WHclL1BbQVxOc9Ite1xH/pCOLnYYcx8HK1T2jlzeX7NxU1A58iBZC3rLj494tsMnRQDSZPXfazBiw0g==",
      "requires": {
        "tslib": "^2.3.0"
      }
    },
    "@angular/platform-browser": {
      "version": "14.2.6",
      "resolved": "https://registry.npmjs.org/@angular/platform-browser/-/platform-browser-14.2.6.tgz",
      "integrity": "sha512-KQUN4YVYEK5NOL7QFnDulQta6tm9rPh/mruX/XCLkSmoRMlFBmsHyjx+VJBnBNUbUxNsBj7kknifOu9PqDgAWg==",
      "peer": true,
      "requires": {
        "tslib": "^2.3.0"
      }
    },
    "parse5": {
      "version": "5.1.1",
      "resolved": "https://registry.npmjs.org/parse5/-/parse5-5.1.1.tgz",
      "integrity": "sha512-ugq4DFI0Ptb+WWjAdOK16+u/nHfiIrcE+sh8kZMaM0WllQKLI9rOUq6c2b7cwPkXdzfQESqvoqK6ug7U/Yyzug==",
      "optional": true,
      "peer": true
    },
    "rxjs": {
      "version": "7.5.7",
      "resolved": "https://registry.npmjs.org/rxjs/-/rxjs-7.5.7.tgz",
      "integrity": "sha512-z9MzKh/UcOqB3i20H6rtrlaE/CgjLOvheWK/9ILrbhROGTweAi1BaFsTT9FbwZi5Trr1qNRs+MXkhmR06awzQA==",
      "peer": true,
      "requires": {
        "tslib": "^2.1.0"
      }
    },
    "tslib": {
      "version": "2.4.0",
      "resolved": "https://registry.npmjs.org/tslib/-/tslib-2.4.0.tgz",
      "integrity": "sha512-d6xOpEDfsi2CZVlPQzGeux8XMwLT9hssAsaPYExaQMuYskwb+x1x7J371tWlbBdWHroy99KnVB6qIkUbs5X3UQ=="
    },
    "zone.js": {
      "version": "0.11.8",
      "resolved": "https://registry.npmjs.org/zone.js/-/zone.js-0.11.8.tgz",
      "integrity": "sha512-82bctBg2hKcEJ21humWIkXRlLBBmrc3nN7DFh5LGGhcyycO2S7FN8NmdvlcKaGFDNVL4/9kFLmwmInTavdJERA==",
      "peer": true,
      "requires": {
        "tslib": "^2.3.0"
      }
    }
  }
}
